Microsoft Visual Studio Solution File, Format Version 12.00
# Visual Studio Version 17
VisualStudioVersion = 17.5.2.0
MinimumVisualStudioVersion = 10.0.40219.1
Project("{FAE04EC0-301F-11D3-BF4B-00C04F79EFBC}") = "SearchCourseWorkNew", "SearchCourseWorkNew.csproj", "{B56FE276-3F9D-795E-ACE7-0BB8CBE1AD3D}"
EndProject
Global
	GlobalSection(SolutionConfigurationPlatforms) = preSolution
		Debug|Any CPU = Debug|Any CPU
		Release|Any CPU = Release|Any CPU
	EndGlobalSection
	GlobalSection(ProjectConfigurationPlatforms) = postSolution
		{B56FE276-3F9D-795E-ACE7-0BB8CBE1AD3D}.Debug|Any CPU.ActiveCfg = Debug|Any CPU
		{B56FE276-3F9D-795E-ACE7-0BB8CBE1AD3D}.Debug|Any CPU.Build.0 = Debug|Any CPU
		{B56FE276-3F9D-795E-ACE7-0BB8CBE1AD3D}.Release|Any CPU.ActiveCfg = Release|Any CPU
		{B56FE276-3F9D-795E-ACE7-0BB8CBE1AD3D}.Release|Any CPU.Build.0 = Release|Any CPU
	EndGlobalSection
	GlobalSection(SolutionProperties) = preSolution
		HideSolutionNode = FALSE
	EndGlobalSection
	GlobalSection(ExtensibilityGlobals) = postSolution
		SolutionGuid = {3D0C52C1-8B56-48AD-A53B-EFD66EC05D99}
	EndGlobalSection
EndGlobal
